// !$*UTF8*$!
{
	archiveVersion = 1;
	classes = {
	};
	objectVersion = 56;
	objects = {

/* Begin PBXBuildFile section */
		F9C04E1A2B136D3300614C51 /* pomodoro_timerApp.swift in Sources */ = {isa = PBXBuildFile; fileRef = F9C04E192B136D3300614C51 /* pomodoro_timerApp.swift */; };
		F9C04E1E2B136D3500614C51 /* Assets.xcassets in Resources */ = {isa = PBXBuildFile; fileRef = F9C04E1D2B136D3500614C51 /* Assets.xcassets */; };
		F9C04E2C2B136D3500614C51 /* pomodoro_timerTests.swift in Sources */ = {isa = PBXBuildFile; fileRef = F9C04E2B2B136D3500614C51 /* pomodoro_timerTests.swift */; };
		F9C04E362B136D3500614C51 /* pomodoro_timerUITests.swift in Sources */ = {isa = PBXBuildFile; fileRef = F9C04E352B136D3500614C51 /* pomodoro_timerUITests.swift */; };
		F9C04E382B136D3500614C51 /* pomodoro_timerUITestsLaunchTests.swift in Sources */ = {isa = PBXBuildFile; fileRef = F9C04E372B136D3500614C51 /* pomodoro_timerUITestsLaunchTests.swift */; };
		F9C04E452B1382FE00614C51 /* TimerManager.swift in Sources */ = {isa = PBXBuildFile; fileRef = F9C04E442B1382FE00614C51 /* TimerManager.swift */; };
		F9C04E462B1382FE00614C51 /* TimerManager.swift in Sources */ = {isa = PBXBuildFile; fileRef = F9C04E442B1382FE00614C51 /* TimerManager.swift */; };
		F9C04E472B1382FE00614C51 /* TimerManager.swift in Sources */ = {isa = PBXBuildFile; fileRef = F9C04E442B1382FE00614C51 /* TimerManager.swift */; };
		F9C04E492B1386E600614C51 /* TimeStatus.swift in Sources */ = {isa = PBXBuildFile; fileRef = F9C04E482B1386E600614C51 /* TimeStatus.swift */; };
		F9C04E4A2B1386E600614C51 /* TimeStatus.swift in Sources */ = {isa = PBXBuildFile; fileRef = F9C04E482B1386E600614C51 /* TimeStatus.swift */; };
		F9C04E4B2B1386E600614C51 /* TimeStatus.swift in Sources */ = {isa = PBXBuildFile; fileRef = F9C04E482B1386E600614C51 /* TimeStatus.swift */; };
		F9C04E512B13AA8000614C51 /* TimeType.swift in Sources */ = {isa = PBXBuildFile; fileRef = F9C04E502B13AA8000614C51 /* TimeType.swift */; };
		F9C04E522B13AA8000614C51 /* TimeType.swift in Sources */ = {isa = PBXBuildFile; fileRef = F9C04E502B13AA8000614C51 /* TimeType.swift */; };
		F9C04E532B13AA8000614C51 /* TimeType.swift in Sources */ = {isa = PBXBuildFile; fileRef = F9C04E502B13AA8000614C51 /* TimeType.swift */; };
		F9C04E552B13AFEF00614C51 /* AppDelegate.swift in Sources */ = {isa = PBXBuildFile; fileRef = F9C04E542B13AFEF00614C51 /* AppDelegate.swift */; };
		F9C04E5C2B14E12300614C51 /* MenubarManager.swift in Sources */ = {isa = PBXBuildFile; fileRef = F9C04E5B2B14E12300614C51 /* MenubarManager.swift */; };
		F9C04E5D2B177A7C00614C51 /* AppDelegate.swift in Sources */ = {isa = PBXBuildFile; fileRef = F9C04E542B13AFEF00614C51 /* AppDelegate.swift */; };
		F9C04E5E2B177A7C00614C51 /* AppDelegate.swift in Sources */ = {isa = PBXBuildFile; fileRef = F9C04E542B13AFEF00614C51 /* AppDelegate.swift */; };
		F9C04E612B177EB200614C51 /* AlertWindows.swift in Sources */ = {isa = PBXBuildFile; fileRef = F9C04E602B177EB200614C51 /* AlertWindows.swift */; };
/* End PBXBuildFile section */

/* Begin PBXContainerItemProxy section */
		F9C04E282B136D3500614C51 /* PBXContainerItemProxy */ = {
			isa = PBXContainerItemProxy;
			containerPortal = F9C04E0E2B136D3300614C51 /* Project object */;
			proxyType = 1;
			remoteGlobalIDString = F9C04E152B136D3300614C51;
			remoteInfo = "pomodoro timer";
		};
		F9C04E322B136D3500614C51 /* PBXContainerItemProxy */ = {
			isa = PBXContainerItemProxy;
			containerPortal = F9C04E0E2B136D3300614C51 /* Project object */;
			proxyType = 1;
			remoteGlobalIDString = F9C04E152B136D3300614C51;
			remoteInfo = "pomodoro timer";
		};
/* End PBXContainerItemProxy section */

/* Begin PBXFileReference section */
		F9C04E162B136D3300614C51 /* pomodoro timer.app */ = {isa = PBXFileReference; explicitFileType = wrapper.application; includeInIndex = 0; path = "pomodoro timer.app"; sourceTree = BUILT_PRODUCTS_DIR; };
		F9C04E192B136D3300614C51 /* pomodoro_timerApp.swift */ = {isa = PBXFileReference; lastKnownFileType = sourcecode.swift; path = pomodoro_timerApp.swift; sourceTree = "<group>"; };
		F9C04E1D2B136D3500614C51 /* Assets.xcassets */ = {isa = PBXFileReference; lastKnownFileType = folder.assetcatalog; path = Assets.xcassets; sourceTree = "<group>"; };
		F9C04E222B136D3500614C51 /* pomodoro_timer.entitlements */ = {isa = PBXFileReference; lastKnownFileType = text.plist.entitlements; path = pomodoro_timer.entitlements; sourceTree = "<group>"; };
		F9C04E272B136D3500614C51 /* pomodoro timerTests.xctest */ = {isa = PBXFileReference; explicitFileType = wrapper.cfbundle; includeInIndex = 0; path = "pomodoro timerTests.xctest"; sourceTree = BUILT_PRODUCTS_DIR; };
		F9C04E2B2B136D3500614C51 /* pomodoro_timerTests.swift */ = {isa = PBXFileReference; lastKnownFileType = sourcecode.swift; path = pomodoro_timerTests.swift; sourceTree = "<group>"; };
		F9C04E312B136D3500614C51 /* pomodoro timerUITests.xctest */ = {isa = PBXFileReference; explicitFileType = wrapper.cfbundle; includeInIndex = 0; path = "pomodoro timerUITests.xctest"; sourceTree = BUILT_PRODUCTS_DIR; };
		F9C04E352B136D3500614C51 /* pomodoro_timerUITests.swift */ = {isa = PBXFileReference; lastKnownFileType = sourcecode.swift; path = pomodoro_timerUITests.swift; sourceTree = "<group>"; };
		F9C04E372B136D3500614C51 /* pomodoro_timerUITestsLaunchTests.swift */ = {isa = PBXFileReference; lastKnownFileType = sourcecode.swift; path = pomodoro_timerUITestsLaunchTests.swift; sourceTree = "<group>"; };
		F9C04E442B1382FE00614C51 /* TimerManager.swift */ = {isa = PBXFileReference; lastKnownFileType = sourcecode.swift; path = TimerManager.swift; sourceTree = "<group>"; };
		F9C04E482B1386E600614C51 /* TimeStatus.swift */ = {isa = PBXFileReference; lastKnownFileType = sourcecode.swift; path = TimeStatus.swift; sourceTree = "<group>"; };
		F9C04E502B13AA8000614C51 /* TimeType.swift */ = {isa = PBXFileReference; lastKnownFileType = sourcecode.swift; path = TimeType.swift; sourceTree = "<group>"; };
		F9C04E542B13AFEF00614C51 /* AppDelegate.swift */ = {isa = PBXFileReference; lastKnownFileType = sourcecode.swift; path = AppDelegate.swift; sourceTree = "<group>"; };
		F9C04E582B13B48000614C51 /* README.md */ = {isa = PBXFileReference; lastKnownFileType = net.daringfireball.markdown; path = README.md; sourceTree = "<group>"; };
		F9C04E5B2B14E12300614C51 /* MenubarManager.swift */ = {isa = PBXFileReference; lastKnownFileType = sourcecode.swift; path = MenubarManager.swift; sourceTree = "<group>"; };
		F9C04E5F2B177B0400614C51 /* pomodoro-timer-Info.plist */ = {isa = PBXFileReference; lastKnownFileType = text.plist; path = "pomodoro-timer-Info.plist"; sourceTree = SOURCE_ROOT; };
		F9C04E602B177EB200614C51 /* AlertWindows.swift */ = {isa = PBXFileReference; lastKnownFileType = sourcecode.swift; path = AlertWindows.swift; sourceTree = "<group>"; };
/* End PBXFileReference section */

/* Begin PBXFrameworksBuildPhase section */
		F9C04E132B136D3300614C51 /* Frameworks */ = {
			isa = PBXFrameworksBuildPhase;
			buildActionMask = 2147483647;
			files = (
			);
			runOnlyForDeploymentPostprocessing = 0;
		};
		F9C04E242B136D3500614C51 /* Frameworks */ = {
			isa = PBXFrameworksBuildPhase;
			buildActionMask = 2147483647;
			files = (
			);
			runOnlyForDeploymentPostprocessing = 0;
		};
		F9C04E2E2B136D3500614C51 /* Frameworks */ = {
			isa = PBXFrameworksBuildPhase;
			buildActionMask = 2147483647;
			files = (
			);
			runOnlyForDeploymentPostprocessing = 0;
		};
/* End PBXFrameworksBuildPhase section */

/* Begin PBXGroup section */
		F9C04E0D2B136D3300614C51 = {
			isa = PBXGroup;
			children = (
				F9C04E582B13B48000614C51 /* README.md */,
				F9C04E182B136D3300614C51 /* pomodoro timer */,
				F9C04E2A2B136D3500614C51 /* pomodoro timerTests */,
				F9C04E342B136D3500614C51 /* pomodoro timerUITests */,
				F9C04E172B136D3300614C51 /* Products */,
			);
			sourceTree = "<group>";
		};
		F9C04E172B136D3300614C51 /* Products */ = {
			isa = PBXGroup;
			children = (
				F9C04E162B136D3300614C51 /* pomodoro timer.app */,
				F9C04E272B136D3500614C51 /* pomodoro timerTests.xctest */,
				F9C04E312B136D3500614C51 /* pomodoro timerUITests.xctest */,
			);
			name = Products;
			sourceTree = "<group>";
		};
		F9C04E182B136D3300614C51 /* pomodoro timer */ = {
			isa = PBXGroup;
			children = (
				F9C04E5F2B177B0400614C51 /* pomodoro-timer-Info.plist */,
				F9C04E192B136D3300614C51 /* pomodoro_timerApp.swift */,
				F9C04E1D2B136D3500614C51 /* Assets.xcassets */,
				F9C04E222B136D3500614C51 /* pomodoro_timer.entitlements */,
				F9C04E442B1382FE00614C51 /* TimerManager.swift */,
				F9C04E482B1386E600614C51 /* TimeStatus.swift */,
				F9C04E502B13AA8000614C51 /* TimeType.swift */,
				F9C04E542B13AFEF00614C51 /* AppDelegate.swift */,
				F9C04E5B2B14E12300614C51 /* MenubarManager.swift */,
				F9C04E602B177EB200614C51 /* AlertWindows.swift */,
			);
			path = "pomodoro timer";
			sourceTree = "<group>";
		};
		F9C04E2A2B136D3500614C51 /* pomodoro timerTests */ = {
			isa = PBXGroup;
			children = (
				F9C04E2B2B136D3500614C51 /* pomodoro_timerTests.swift */,
			);
			path = "pomodoro timerTests";
			sourceTree = "<group>";
		};
		F9C04E342B136D3500614C51 /* pomodoro timerUITests */ = {
			isa = PBXGroup;
			children = (
				F9C04E352B136D3500614C51 /* pomodoro_timerUITests.swift */,
				F9C04E372B136D3500614C51 /* pomodoro_timerUITestsLaunchTests.swift */,
			);
			path = "pomodoro timerUITests";
			sourceTree = "<group>";
		};
/* End PBXGroup section */

/* Begin PBXNativeTarget section */
		F9C04E152B136D3300614C51 /* pomodoro timer */ = {
			isa = PBXNativeTarget;
			buildConfigurationList = F9C04E3B2B136D3500614C51 /* Build configuration list for PBXNativeTarget "pomodoro timer" */;
			buildPhases = (
				F9C04E122B136D3300614C51 /* Sources */,
				F9C04E132B136D3300614C51 /* Frameworks */,
				F9C04E142B136D3300614C51 /* Resources */,
			);
			buildRules = (
			);
			dependencies = (
			);
			name = "pomodoro timer";
			productName = "pomodoro timer";
			productReference = F9C04E162B136D3300614C51 /* pomodoro timer.app */;
			productType = "com.apple.product-type.application";
		};
		F9C04E262B136D3500614C51 /* pomodoro timerTests */ = {
			isa = PBXNativeTarget;
			buildConfigurationList = F9C04E3E2B136D3500614C51 /* Build configuration list for PBXNativeTarget "pomodoro timerTests" */;
			buildPhases = (
				F9C04E232B136D3500614C51 /* Sources */,
				F9C04E242B136D3500614C51 /* Frameworks */,
				F9C04E252B136D3500614C51 /* Resources */,
			);
			buildRules = (
			);
			dependencies = (
				F9C04E292B136D3500614C51 /* PBXTargetDependency */,
			);
			name = "pomodoro timerTests";
			productName = "pomodoro timerTests";
			productReference = F9C04E272B136D3500614C51 /* pomodoro timerTests.xctest */;
			productType = "com.apple.product-type.bundle.unit-test";
		};
		F9C04E302B136D3500614C51 /* pomodoro timerUITests */ = {
			isa = PBXNativeTarget;
			buildConfigurationList = F9C04E412B136D3500614C51 /* Build configuration list for PBXNativeTarget "pomodoro timerUITests" */;
			buildPhases = (
				F9C04E2D2B136D3500614C51 /* Sources */,
				F9C04E2E2B136D3500614C51 /* Frameworks */,
				F9C04E2F2B136D3500614C51 /* Resources */,
			);
			buildRules = (
			);
			dependencies = (
				F9C04E332B136D3500614C51 /* PBXTargetDependency */,
			);
			name = "pomodoro timerUITests";
			productName = "pomodoro timerUITests";
			productReference = F9C04E312B136D3500614C51 /* pomodoro timerUITests.xctest */;
			productType = "com.apple.product-type.bundle.ui-testing";
		};
/* End PBXNativeTarget section */

/* Begin PBXProject section */
		F9C04E0E2B136D3300614C51 /* Project object */ = {
			isa = PBXProject;
			attributes = {
				BuildIndependentTargetsInParallel = 1;
				LastSwiftUpdateCheck = 1500;
				LastUpgradeCheck = 1500;
				TargetAttributes = {
					F9C04E152B136D3300614C51 = {
						CreatedOnToolsVersion = 15.0.1;
					};
					F9C04E262B136D3500614C51 = {
						CreatedOnToolsVersion = 15.0.1;
						TestTargetID = F9C04E152B136D3300614C51;
					};
					F9C04E302B136D3500614C51 = {
						CreatedOnToolsVersion = 15.0.1;
						TestTargetID = F9C04E152B136D3300614C51;
					};
				};
			};
			buildConfigurationList = F9C04E112B136D3300614C51 /* Build configuration list for PBXProject "pomodoro timer" */;
			compatibilityVersion = "Xcode 14.0";
			developmentRegion = en;
			hasScannedForEncodings = 0;
			knownRegions = (
				en,
				Base,
			);
			mainGroup = F9C04E0D2B136D3300614C51;
			productRefGroup = F9C04E172B136D3300614C51 /* Products */;
			projectDirPath = "";
			projectRoot = "";
			targets = (
				F9C04E152B136D3300614C51 /* pomodoro timer */,
				F9C04E262B136D3500614C51 /* pomodoro timerTests */,
				F9C04E302B136D3500614C51 /* pomodoro timerUITests */,
			);
		};
/* End PBXProject section */

/* Begin PBXResourcesBuildPhase section */
		F9C04E142B136D3300614C51 /* Resources */ = {
			isa = PBXResourcesBuildPhase;
			buildActionMask = 2147483647;
			files = (
				F9C04E1E2B136D3500614C51 /* Assets.xcassets in Resources */,
			);
			runOnlyForDeploymentPostprocessing = 0;
		};
		F9C04E252B136D3500614C51 /* Resources */ = {
			isa = PBXResourcesBuildPhase;
			buildActionMask = 2147483647;
			files = (
			);
			runOnlyForDeploymentPostprocessing = 0;
		};
		F9C04E2F2B136D3500614C51 /* Resources */ = {
			isa = PBXResourcesBuildPhase;
			buildActionMask = 2147483647;
			files = (
			);
			runOnlyForDeploymentPostprocessing = 0;
		};
/* End PBXResourcesBuildPhase section */

/* Begin PBXSourcesBuildPhase section */
		F9C04E122B136D3300614C51 /* Sources */ = {
			isa = PBXSourcesBuildPhase;
			buildActionMask = 2147483647;
			files = (
				F9C04E552B13AFEF00614C51 /* AppDelegate.swift in Sources */,
				F9C04E452B1382FE00614C51 /* TimerManager.swift in Sources */,
				F9C04E5C2B14E12300614C51 /* MenubarManager.swift in Sources */,
				F9C04E512B13AA8000614C51 /* TimeType.swift in Sources */,
				F9C04E492B1386E600614C51 /* TimeStatus.swift in Sources */,
				F9C04E612B177EB200614C51 /* AlertWindows.swift in Sources */,
				F9C04E1A2B136D3300614C51 /* pomodoro_timerApp.swift in Sources */,
			);
			runOnlyForDeploymentPostprocessing = 0;
		};
		F9C04E232B136D3500614C51 /* Sources */ = {
			isa = PBXSourcesBuildPhase;
			buildActionMask = 2147483647;
			files = (
				F9C04E2C2B136D3500614C51 /* pomodoro_timerTests.swift in Sources */,
				F9C04E4A2B1386E600614C51 /* TimeStatus.swift in Sources */,
				F9C04E522B13AA8000614C51 /* TimeType.swift in Sources */,
				F9C04E5D2B177A7C00614C51 /* AppDelegate.swift in Sources */,
				F9C04E462B1382FE00614C51 /* TimerManager.swift in Sources */,
			);
			runOnlyForDeploymentPostprocessing = 0;
		};
		F9C04E2D2B136D3500614C51 /* Sources */ = {
			isa = PBXSourcesBuildPhase;
			buildActionMask = 2147483647;
			files = (
				F9C04E5E2B177A7C00614C51 /* AppDelegate.swift in Sources */,
				F9C04E472B1382FE00614C51 /* TimerManager.swift in Sources */,
				F9C04E532B13AA8000614C51 /* TimeType.swift in Sources */,
				F9C04E362B136D3500614C51 /* pomodoro_timerUITests.swift in Sources */,
				F9C04E4B2B1386E600614C51 /* TimeStatus.swift in Sources */,
				F9C04E382B136D3500614C51 /* pomodoro_timerUITestsLaunchTests.swift in Sources */,
			);
			runOnlyForDeploymentPostprocessing = 0;
		};
/* End PBXSourcesBuildPhase section */

/* Begin PBXTargetDependency section */
		F9C04E292B136D3500614C51 /* PBXTargetDependency */ = {
			isa = PBXTargetDependency;
			target = F9C04E152B136D3300614C51 /* pomodoro timer */;
			targetProxy = F9C04E282B136D3500614C51 /* PBXContainerItemProxy */;
		};
		F9C04E332B136D3500614C51 /* PBXTargetDependency */ = {
			isa = PBXTargetDependency;
			target = F9C04E152B136D3300614C51 /* pomodoro timer */;
			targetProxy = F9C04E322B136D3500614C51 /* PBXContainerItemProxy */;
		};
/* End PBXTargetDependency section */

/* Begin XCBuildConfiguration section */
		F9C04E392B136D3500614C51 /* Debug */ = {
			isa = XCBuildConfiguration;
			buildSettings = {
				ALWAYS_SEARCH_USER_PATHS = NO;
				ASSETCATALOG_COMPILER_GENERATE_SWIFT_ASSET_SYMBOL_EXTENSIONS = YES;
				CLANG_ANALYZER_NONNULL = YES;
				CLANG_ANALYZER_NUMBER_OBJECT_CONVERSION = YES_AGGRESSIVE;
				CLANG_CXX_LANGUAGE_STANDARD = "gnu++20";
				CLANG_ENABLE_MODULES = YES;
				CLANG_ENABLE_OBJC_ARC = YES;
				CLANG_ENABLE_OBJC_WEAK = YES;
				CLANG_WARN_BLOCK_CAPTURE_AUTORELEASING = YES;
				CLANG_WARN_BOOL_CONVERSION = YES;
				CLANG_WARN_COMMA = YES;
				CLANG_WARN_CONSTANT_CONVERSION = YES;
				CLANG_WARN_DEPRECATED_OBJC_IMPLEMENTATIONS = YES;
				CLANG_WARN_DIRECT_OBJC_ISA_USAGE = YES_ERROR;
				CLANG_WARN_DOCUMENTATION_COMMENTS = YES;
				CLANG_WARN_EMPTY_BODY = YES;
				CLANG_WARN_ENUM_CONVERSION = YES;
				CLANG_WARN_INFINITE_RECURSION = YES;
				CLANG_WARN_INT_CONVERSION = YES;
				CLANG_WARN_NON_LITERAL_NULL_CONVERSION = YES;
				CLANG_WARN_OBJC_IMPLICIT_RETAIN_SELF = YES;
				CLANG_WARN_OBJC_LITERAL_CONVERSION = YES;
				CLANG_WARN_OBJC_ROOT_CLASS = YES_ERROR;
				CLANG_WARN_QUOTED_INCLUDE_IN_FRAMEWORK_HEADER = YES;
				CLANG_WARN_RANGE_LOOP_ANALYSIS = YES;
				CLANG_WARN_STRICT_PROTOTYPES = YES;
				CLANG_WARN_SUSPICIOUS_MOVE = YES;
				CLANG_WARN_UNGUARDED_AVAILABILITY = YES_AGGRESSIVE;
				CLANG_WARN_UNREACHABLE_CODE = YES;
				CLANG_WARN__DUPLICATE_METHOD_MATCH = YES;
				COPY_PHASE_STRIP = NO;
				DEBUG_INFORMATION_FORMAT = dwarf;
				ENABLE_STRICT_OBJC_MSGSEND = YES;
				ENABLE_TESTABILITY = YES;
				ENABLE_USER_SCRIPT_SANDBOXING = YES;
				GCC_C_LANGUAGE_STANDARD = gnu17;
				GCC_DYNAMIC_NO_PIC = NO;
				GCC_NO_COMMON_BLOCKS = YES;
				GCC_OPTIMIZATION_LEVEL = 0;
				GCC_PREPROCESSOR_DEFINITIONS = (
					"DEBUG=1",
					"$(inherited)",
				);
				GCC_WARN_64_TO_32_BIT_CONVERSION = YES;
				GCC_WARN_ABOUT_RETURN_TYPE = YES_ERROR;
				GCC_WARN_UNDECLARED_SELECTOR = YES;
				GCC_WARN_UNINITIALIZED_AUTOS = YES_AGGRESSIVE;
				GCC_WARN_UNUSED_FUNCTION = YES;
				GCC_WARN_UNUSED_VARIABLE = YES;
				LOCALIZATION_PREFERS_STRING_CATALOGS = YES;
				MACOSX_DEPLOYMENT_TARGET = 14.0;
				MTL_ENABLE_DEBUG_INFO = INCLUDE_SOURCE;
				MTL_FAST_MATH = YES;
				ONLY_ACTIVE_ARCH = YES;
				SDKROOT = macosx;
				SWIFT_ACTIVE_COMPILATION_CONDITIONS = "DEBUG $(inherited)";
				SWIFT_OPTIMIZATION_LEVEL = "-Onone";
			};
			name = Debug;
		};
		F9C04E3A2B136D3500614C51 /* Release */ = {
			isa = XCBuildConfiguration;
			buildSettings = {
				ALWAYS_SEARCH_USER_PATHS = NO;
				ASSETCATALOG_COMPILER_GENERATE_SWIFT_ASSET_SYMBOL_EXTENSIONS = YES;
				CLANG_ANALYZER_NONNULL = YES;
				CLANG_ANALYZER_NUMBER_OBJECT_CONVERSION = YES_AGGRESSIVE;
				CLANG_CXX_LANGUAGE_STANDARD = "gnu++20";
				CLANG_ENABLE_MODULES = YES;
				CLANG_ENABLE_OBJC_ARC = YES;
				CLANG_ENABLE_OBJC_WEAK = YES;
				CLANG_WARN_BLOCK_CAPTURE_AUTORELEASING = YES;
				CLANG_WARN_BOOL_CONVERSION = YES;
				CLANG_WARN_COMMA = YES;
				CLANG_WARN_CONSTANT_CONVERSION = YES;
				CLANG_WARN_DEPRECATED_OBJC_IMPLEMENTATIONS = YES;
				CLANG_WARN_DIRECT_OBJC_ISA_USAGE = YES_ERROR;
				CLANG_WARN_DOCUMENTATION_COMMENTS = YES;
				CLANG_WARN_EMPTY_BODY = YES;
				CLANG_WARN_ENUM_CONVERSION = YES;
				CLANG_WARN_INFINITE_RECURSION = YES;
				CLANG_WARN_INT_CONVERSION = YES;
				CLANG_WARN_NON_LITERAL_NULL_CONVERSION = YES;
				CLANG_WARN_OBJC_IMPLICIT_RETAIN_SELF = YES;
				CLANG_WARN_OBJC_LITERAL_CONVERSION = YES;
				CLANG_WARN_OBJC_ROOT_CLASS = YES_ERROR;
				CLANG_WARN_QUOTED_INCLUDE_IN_FRAMEWORK_HEADER = YES;
				CLANG_WARN_RANGE_LOOP_ANALYSIS = YES;
				CLANG_WARN_STRICT_PROTOTYPES = YES;
				CLANG_WARN_SUSPICIOUS_MOVE = YES;
				CLANG_WARN_UNGUARDED_AVAILABILITY = YES_AGGRESSIVE;
				CLANG_WARN_UNREACHABLE_CODE = YES;
				CLANG_WARN__DUPLICATE_METHOD_MATCH = YES;
				COPY_PHASE_STRIP = NO;
				DEBUG_INFORMATION_FORMAT = "dwarf-with-dsym";
				ENABLE_NS_ASSERTIONS = NO;
				ENABLE_STRICT_OBJC_MSGSEND = YES;
				ENABLE_USER_SCRIPT_SANDBOXING = YES;
				GCC_C_LANGUAGE_STANDARD = gnu17;
				GCC_NO_COMMON_BLOCKS = YES;
				GCC_WARN_64_TO_32_BIT_CONVERSION = YES;
				GCC_WARN_ABOUT_RETURN_TYPE = YES_ERROR;
				GCC_WARN_UNDECLARED_SELECTOR = YES;
				GCC_WARN_UNINITIALIZED_AUTOS = YES_AGGRESSIVE;
				GCC_WARN_UNUSED_FUNCTION = YES;
				GCC_WARN_UNUSED_VARIABLE = YES;
				LOCALIZATION_PREFERS_STRING_CATALOGS = YES;
				MACOSX_DEPLOYMENT_TARGET = 14.0;
				MTL_ENABLE_DEBUG_INFO = NO;
				MTL_FAST_MATH = YES;
				SDKROOT = macosx;
				SWIFT_COMPILATION_MODE = wholemodule;
			};
			name = Release;
		};
		F9C04E3C2B136D3500614C51 /* Debug */ = {
			isa = XCBuildConfiguration;
			buildSettings = {
				ASSETCATALOG_COMPILER_APPICON_NAME = AppIcon;
				ASSETCATALOG_COMPILER_GLOBAL_ACCENT_COLOR_NAME = AccentColor;
				CODE_SIGN_ENTITLEMENTS = "pomodoro timer/pomodoro_timer.entitlements";
				CODE_SIGN_STYLE = Automatic;
				COMBINE_HIDPI_IMAGES = YES;
				CURRENT_PROJECT_VERSION = 1;
				DEVELOPMENT_ASSET_PATHS = "\"pomodoro timer/Preview Content\"";
				DEVELOPMENT_TEAM = V9SQZ6B7RP;
				ENABLE_HARDENED_RUNTIME = YES;
				ENABLE_PREVIEWS = YES;
				GENERATE_INFOPLIST_FILE = YES;
				INFOPLIST_FILE = "pomodoro-timer-Info.plist";
				INFOPLIST_KEY_NSHumanReadableCopyright = "";
				LD_RUNPATH_SEARCH_PATHS = (
					"$(inherited)",
					"@executable_path/../Frameworks",
				);
				MARKETING_VERSION = 1.0;
				PRODUCT_BUNDLE_IDENTIFIER = "pomorobat.pomodoro-timer";
				PRODUCT_NAME = "$(TARGET_NAME)";
				SWIFT_EMIT_LOC_STRINGS = YES;
				SWIFT_VERSION = 5.0;
			};
			name = Debug;
		};
		F9C04E3D2B136D3500614C51 /* Release */ = {
			isa = XCBuildConfiguration;
			buildSettings = {
				ASSETCATALOG_COMPILER_APPICON_NAME = AppIcon;
				ASSETCATALOG_COMPILER_GLOBAL_ACCENT_COLOR_NAME = AccentColor;
				CODE_SIGN_ENTITLEMENTS = "pomodoro timer/pomodoro_timer.entitlements";
				CODE_SIGN_STYLE = Automatic;
				COMBINE_HIDPI_IMAGES = YES;
				CURRENT_PROJECT_VERSION = 1;
				DEVELOPMENT_ASSET_PATHS = "\"pomodoro timer/Preview Content\"";
				DEVELOPMENT_TEAM = V9SQZ6B7RP;
				ENABLE_HARDENED_RUNTIME = YES;
				ENABLE_PREVIEWS = YES;
				GENERATE_INFOPLIST_FILE = YES;
				INFOPLIST_FILE = "pomodoro-timer-Info.plist";
				INFOPLIST_KEY_NSHumanReadableCopyright = "";
				LD_RUNPATH_SEARCH_PATHS = (
					"$(inherited)",
					"@executable_path/../Frameworks",
				);
				MARKETING_VERSION = 1.0;
				PRODUCT_BUNDLE_IDENTIFIER = "pomorobat.pomodoro-timer";
				PRODUCT_NAME = "$(TARGET_NAME)";
				SWIFT_EMIT_LOC_STRINGS = YES;
				SWIFT_VERSION = 5.0;
			};
			name = Release;
		};
		F9C04E3F2B136D3500614C51 /* Debug */ = {
			isa = XCBuildConfiguration;
			buildSettings = {
				ALWAYS_EMBED_SWIFT_STANDARD_LIBRARIES = YES;
				BUNDLE_LOADER = "$(TEST_HOST)";
				CODE_SIGN_STYLE = Automatic;
				CURRENT_PROJECT_VERSION = 1;
				DEVELOPMENT_TEAM = V9SQZ6B7RP;
				GENERATE_INFOPLIST_FILE = YES;
				MACOSX_DEPLOYMENT_TARGET = 14.0;
				MARKETING_VERSION = 1.0;
				PRODUCT_BUNDLE_IDENTIFIER = "pomorobat.pomodoro-timerTests";
				PRODUCT_NAME = "$(TARGET_NAME)";
				SWIFT_EMIT_LOC_STRINGS = NO;
				SWIFT_VERSION = 5.0;
				TEST_HOST = "$(BUILT_PRODUCTS_DIR)/pomodoro timer.app/$(BUNDLE_EXECUTABLE_FOLDER_PATH)/pomodoro timer";
			};
			name = Debug;
		};
		F9C04E402B136D3500614C51 /* Release */ = {
			isa = XCBuildConfiguration;
			buildSettings = {
				ALWAYS_EMBED_SWIFT_STANDARD_LIBRARIES = YES;
				BUNDLE_LOADER = "$(TEST_HOST)";
				CODE_SIGN_STYLE = Automatic;
				CURRENT_PROJECT_VERSION = 1;
				DEVELOPMENT_TEAM = V9SQZ6B7RP;
				GENERATE_INFOPLIST_FILE = YES;
				MACOSX_DEPLOYMENT_TARGET = 14.0;
				MARKETING_VERSION = 1.0;
				PRODUCT_BUNDLE_IDENTIFIER = "pomorobat.pomodoro-timerTests";
				PRODUCT_NAME = "$(TARGET_NAME)";
				SWIFT_EMIT_LOC_STRINGS = NO;
				SWIFT_VERSION = 5.0;
				TEST_HOST = "$(BUILT_PRODUCTS_DIR)/pomodoro timer.app/$(BUNDLE_EXECUTABLE_FOLDER_PATH)/pomodoro timer";
			};
			name = Release;
		};
		F9C04E422B136D3500614C51 /* Debug */ = {
			isa = XCBuildConfiguration;
			buildSettings = {
				ALWAYS_EMBED_SWIFT_STANDARD_LIBRARIES = YES;
				CODE_SIGN_STYLE = Automatic;
				CURRENT_PROJECT_VERSION = 1;
				DEVELOPMENT_TEAM = V9SQZ6B7RP;
				GENERATE_INFOPLIST_FILE = YES;
				MARKETING_VERSION = 1.0;
				PRODUCT_BUNDLE_IDENTIFIER = "pomorobat.pomodoro-timerUITests";
				PRODUCT_NAME = "$(TARGET_NAME)";
				SWIFT_EMIT_LOC_STRINGS = NO;
				SWIFT_VERSION = 5.0;
				TEST_TARGET_NAME = "pomodoro timer";
			};
			name = Debug;
		};
		F9C04E432B136D3500614C51 /* Release */ = {
			isa = XCBuildConfiguration;
			buildSettings = {
				ALWAYS_EMBED_SWIFT_STANDARD_LIBRARIES = YES;
				CODE_SIGN_STYLE = Automatic;
				CURRENT_PROJECT_VERSION = 1;
				DEVELOPMENT_TEAM = V9SQZ6B7RP;
				GENERATE_INFOPLIST_FILE = YES;
				MARKETING_VERSION = 1.0;
				PRODUCT_BUNDLE_IDENTIFIER = "pomorobat.pomodoro-timerUITests";
				PRODUCT_NAME = "$(TARGET_NAME)";
				SWIFT_EMIT_LOC_STRINGS = NO;
				SWIFT_VERSION = 5.0;
				TEST_TARGET_NAME = "pomodoro timer";
			};
			name = Release;
		};
/* End XCBuildConfiguration section */

/* Begin XCConfigurationList section */
		F9C04E112B136D3300614C51 /* Build configuration list for PBXProject "pomodoro timer" */ = {
			isa = XCConfigurationList;
			buildConfigurations = (
				F9C04E392B136D3500614C51 /* Debug */,
				F9C04E3A2B136D3500614C51 /* Release */,
			);
			defaultConfigurationIsVisible = 0;
			defaultConfigurationName = Release;
		};
		F9C04E3B2B136D3500614C51 /* Build configuration list for PBXNativeTarget "pomodoro timer" */ = {
			isa = XCConfigurationList;
			buildConfigurations = (
				F9C04E3C2B136D3500614C51 /* Debug */,
				F9C04E3D2B136D3500614C51 /* Release */,
			);
			defaultConfigurationIsVisible = 0;
			defaultConfigurationName = Release;
		};
		F9C04E3E2B136D3500614C51 /* Build configuration list for PBXNativeTarget "pomodoro timerTests" */ = {
			isa = XCConfigurationList;
			buildConfigurations = (
				F9C04E3F2B136D3500614C51 /* Debug */,
				F9C04E402B136D3500614C51 /* Release */,
			);
			defaultConfigurationIsVisible = 0;
			defaultConfigurationName = Release;
		};
		F9C04E412B136D3500614C51 /* Build configuration list for PBXNativeTarget "pomodoro timerUITests" */ = {
			isa = XCConfigurationList;
			buildConfigurations = (
				F9C04E422B136D3500614C51 /* Debug */,
				F9C04E432B136D3500614C51 /* Release */,
			);
			defaultConfigurationIsVisible = 0;
			defaultConfigurationName = Release;
		};
/* End XCConfigurationList section */
	};
	rootObject = F9C04E0E2B136D3300614C51 /* Project object */;
}
